
Microsoft Visual Studio Solution File, Format Version 12.00
# Visual Studio Version 17
VisualStudioVersion = 17.5.33516.290
MinimumVisualStudioVersion = 10.0.40219.1
Project("{FAE04EC0-301F-11D3-BF4B-00C04F79EFBC}") = "EmpDetails", "EmpDetails\EmpDetails.csproj", "{56D75400-B21D-4A15-A976-DDD49BAF32C1}"
EndProject
Global
	GlobalSection(SolutionConfigurationPlatforms) = preSolution
		Debug|Any CPU = Debug|Any CPU
		Release|Any CPU = Release|Any CPU
	EndGlobalSection
	GlobalSection(ProjectConfigurationPlatforms) = postSolution
		{56D75400-B21D-4A15-A976-DDD49BAF32C1}.Debug|Any CPU.ActiveCfg = Debug|Any CPU
		{56D75400-B21D-4A15-A976-DDD49BAF32C1}.Debug|Any CPU.Build.0 = Debug|Any CPU
		{56D75400-B21D-4A15-A976-DDD49BAF32C1}.Release|Any CPU.ActiveCfg = Release|Any CPU
		{56D75400-B21D-4A15-A976-DDD49BAF32C1}.Release|Any CPU.Build.0 = Release|Any CPU
	EndGlobalSection
	GlobalSection(SolutionProperties) = preSolution
		HideSolutionNode = FALSE
	EndGlobalSection
	GlobalSection(ExtensibilityGlobals) = postSolution
		SolutionGuid = {837C6419-654C-402C-995E-620ED911DCF8}
	EndGlobalSection
EndGlobal
